Microsoft Visual Studio Solution File, Format Version 12.00
# Visual Studio Version 16
VisualStudioVersion = 16.0.29920.165
MinimumVisualStudioVersion = 15.0.26124.0

Project("{D954291E-2A0B-460D-934E-DC6B0785DB48}") = "testwasm.Shared", "testwasm.Shared\testwasm.Shared.shproj", "{6279C845-92F8-4333-AB99-3D213163593C}"
EndProject


Project("{9A19103F-16F7-4668-BE54-9A1E7A4F7556}") = "testwasm.Wasm", "testwasm.Wasm\testwasm.Wasm.csproj", "{40EA03F7-8A22-4143-B251-79BAC3EB13D2}"
EndProject

Project("{9A19103F-16F7-4668-BE54-9A1E7A4F7556}") = "testwasm.Skia.Gtk", "testwasm.Skia.Gtk\testwasm.Skia.Gtk.csproj", "{A5B8155A-118F-4794-B551-C6F3CF7E5411}"
EndProject




Global
	GlobalSection(SharedMSBuildProjectFiles) = preSolution
		testwasm.Shared\testwasm.Shared.projitems*{1aa13270-f438-4864-9435-54fd806e10ea}*SharedItemsImports = 5
		testwasm.Shared\testwasm.Shared.projitems*{14F83358-2F8A-4218-91A2-FA05039CAE3F}*SharedItemsImports = 4
		testwasm.Shared\testwasm.Shared.projitems*{40ea03f7-8a22-4143-b251-79bac3eb13d2}*SharedItemsImports = 5
		testwasm.Shared\testwasm.Shared.projitems*{DFD88BCD-390C-4F91-89DA-61EF832550B2}*SharedItemsImports = 5
		testwasm.Shared\testwasm.Shared.projitems*{6279c845-92f8-4333-ab99-3d213163593c}*SharedItemsImports = 13
		testwasm.Shared\testwasm.Shared.projitems*{2DA88EF6-A45E-48DB-BEE7-3A2C3D9EC111}*SharedItemsImports = 4
		testwasm.Shared\testwasm.Shared.projitems*{4F312A9B-33FD-4EF3-B9CC-9D3E5DA0147B}*SharedItemsImports = 4
		testwasm.Shared\testwasm.Shared.projitems*{a5b8155a-118f-4794-b551-c6f3cf7e5411}*SharedItemsImports = 5
		testwasm.Shared\testwasm.Shared.projitems*{CC59817E-878C-4204-83AE-6EFDDE999077}*SharedItemsImports = 4
	EndGlobalSection
	GlobalSection(SolutionConfigurationPlatforms) = preSolution
		Debug|Any CPU = Debug|Any CPU
		Debug|ARM = Debug|ARM
		Debug|ARM64 = Debug|ARM64
		Debug|iPhone = Debug|iPhone
		Debug|iPhoneSimulator = Debug|iPhoneSimulator
		Debug|x64 = Debug|x64
		Debug|x86 = Debug|x86
		Release|Any CPU = Release|Any CPU
		Release|ARM = Release|ARM
		Release|ARM64 = Release|ARM64
		Release|iPhone = Release|iPhone
		Release|iPhoneSimulator = Release|iPhoneSimulator
		Release|x64 = Release|x64
		Release|x86 = Release|x86
	EndGlobalSection
	GlobalSection(ProjectConfigurationPlatforms) = postSolution
		{CC59817E-878C-4204-83AE-6EFDDE999077}.Debug|Any CPU.ActiveCfg = Debug|Any CPU
		{CC59817E-878C-4204-83AE-6EFDDE999077}.Debug|Any CPU.Build.0 = Debug|Any CPU
		{CC59817E-878C-4204-83AE-6EFDDE999077}.Debug|Any CPU.Deploy.0 = Debug|Any CPU
		{CC59817E-878C-4204-83AE-6EFDDE999077}.Debug|ARM.ActiveCfg = Debug|Any CPU
		{CC59817E-878C-4204-83AE-6EFDDE999077}.Debug|ARM.Build.0 = Debug|Any CPU
		{CC59817E-878C-4204-83AE-6EFDDE999077}.Debug|ARM.Deploy.0 = Debug|Any CPU
		{CC59817E-878C-4204-83AE-6EFDDE999077}.Debug|ARM64.ActiveCfg = Debug|Any CPU
		{CC59817E-878C-4204-83AE-6EFDDE999077}.Debug|ARM64.Build.0 = Debug|Any CPU
		{CC59817E-878C-4204-83AE-6EFDDE999077}.Debug|ARM64.Deploy.0 = Debug|Any CPU
		{CC59817E-878C-4204-83AE-6EFDDE999077}.Debug|iPhone.ActiveCfg = Debug|Any CPU
		{CC59817E-878C-4204-83AE-6EFDDE999077}.Debug|iPhone.Build.0 = Debug|Any CPU
		{CC59817E-878C-4204-83AE-6EFDDE999077}.Debug|iPhone.Deploy.0 = Debug|Any CPU
		{CC59817E-878C-4204-83AE-6EFDDE999077}.Debug|iPhoneSimulator.ActiveCfg = Debug|Any CPU
		{CC59817E-878C-4204-83AE-6EFDDE999077}.Debug|iPhoneSimulator.Build.0 = Debug|Any CPU
		{CC59817E-878C-4204-83AE-6EFDDE999077}.Debug|iPhoneSimulator.Deploy.0 = Debug|Any CPU
		{CC59817E-878C-4204-83AE-6EFDDE999077}.Debug|x64.ActiveCfg = Debug|Any CPU
		{CC59817E-878C-4204-83AE-6EFDDE999077}.Debug|x64.Build.0 = Debug|Any CPU
		{CC59817E-878C-4204-83AE-6EFDDE999077}.Debug|x64.Deploy.0 = Debug|Any CPU
		{CC59817E-878C-4204-83AE-6EFDDE999077}.Debug|x86.ActiveCfg = Debug|Any CPU
		{CC59817E-878C-4204-83AE-6EFDDE999077}.Debug|x86.Build.0 = Debug|Any CPU
		{CC59817E-878C-4204-83AE-6EFDDE999077}.Debug|x86.Deploy.0 = Debug|Any CPU

		{CC59817E-878C-4204-83AE-6EFDDE999077}.Release|Any CPU.ActiveCfg = Release|Any CPU
		{CC59817E-878C-4204-83AE-6EFDDE999077}.Release|Any CPU.Build.0 = Release|Any CPU
		{CC59817E-878C-4204-83AE-6EFDDE999077}.Release|Any CPU.Deploy.0 = Release|Any CPU
		{CC59817E-878C-4204-83AE-6EFDDE999077}.Release|ARM.ActiveCfg = Release|Any CPU
		{CC59817E-878C-4204-83AE-6EFDDE999077}.Release|ARM.Build.0 = Release|Any CPU
		{CC59817E-878C-4204-83AE-6EFDDE999077}.Release|ARM.Deploy.0 = Release|Any CPU
		{CC59817E-878C-4204-83AE-6EFDDE999077}.Release|ARM64.ActiveCfg = Release|Any CPU
		{CC59817E-878C-4204-83AE-6EFDDE999077}.Release|ARM64.Build.0 = Release|Any CPU
		{CC59817E-878C-4204-83AE-6EFDDE999077}.Release|ARM64.Deploy.0 = Release|Any CPU
		{CC59817E-878C-4204-83AE-6EFDDE999077}.Release|iPhone.ActiveCfg = Release|Any CPU
		{CC59817E-878C-4204-83AE-6EFDDE999077}.Release|iPhone.Build.0 = Release|Any CPU
		{CC59817E-878C-4204-83AE-6EFDDE999077}.Release|iPhone.Deploy.0 = Release|Any CPU
		{CC59817E-878C-4204-83AE-6EFDDE999077}.Release|iPhoneSimulator.ActiveCfg = Release|Any CPU
		{CC59817E-878C-4204-83AE-6EFDDE999077}.Release|iPhoneSimulator.Build.0 = Release|Any CPU
		{CC59817E-878C-4204-83AE-6EFDDE999077}.Release|iPhoneSimulator.Deploy.0 = Release|Any CPU
		{CC59817E-878C-4204-83AE-6EFDDE999077}.Release|x64.ActiveCfg = Release|Any CPU
		{CC59817E-878C-4204-83AE-6EFDDE999077}.Release|x64.Build.0 = Release|Any CPU
		{CC59817E-878C-4204-83AE-6EFDDE999077}.Release|x64.Deploy.0 = Release|Any CPU
		{CC59817E-878C-4204-83AE-6EFDDE999077}.Release|x86.ActiveCfg = Release|Any CPU
		{CC59817E-878C-4204-83AE-6EFDDE999077}.Release|x86.Build.0 = Release|Any CPU
		{CC59817E-878C-4204-83AE-6EFDDE999077}.Release|x86.Deploy.0 = Release|Any CPU
		{4F312A9B-33FD-4EF3-B9CC-9D3E5DA0147B}.Debug|Any CPU.ActiveCfg = Debug|iPhone
		{4F312A9B-33FD-4EF3-B9CC-9D3E5DA0147B}.Debug|Any CPU.Build.0 = Debug|iPhone
		{4F312A9B-33FD-4EF3-B9CC-9D3E5DA0147B}.Debug|Any CPU.Deploy.0 = Debug|iPhone
		{4F312A9B-33FD-4EF3-B9CC-9D3E5DA0147B}.Debug|ARM.ActiveCfg = Debug|iPhone
		{4F312A9B-33FD-4EF3-B9CC-9D3E5DA0147B}.Debug|ARM64.ActiveCfg = Debug|iPhone
		{4F312A9B-33FD-4EF3-B9CC-9D3E5DA0147B}.Debug|iPhone.ActiveCfg = Debug|iPhone
		{4F312A9B-33FD-4EF3-B9CC-9D3E5DA0147B}.Debug|iPhone.Build.0 = Debug|iPhone
		{4F312A9B-33FD-4EF3-B9CC-9D3E5DA0147B}.Debug|iPhoneSimulator.ActiveCfg = Debug|iPhoneSimulator
		{4F312A9B-33FD-4EF3-B9CC-9D3E5DA0147B}.Debug|iPhoneSimulator.Build.0 = Debug|iPhoneSimulator
		{4F312A9B-33FD-4EF3-B9CC-9D3E5DA0147B}.Debug|x64.ActiveCfg = Debug|iPhone
		{4F312A9B-33FD-4EF3-B9CC-9D3E5DA0147B}.Debug|x64.Build.0 = Debug|iPhone
		{4F312A9B-33FD-4EF3-B9CC-9D3E5DA0147B}.Debug|x64.Deploy.0 = Debug|iPhone
		{4F312A9B-33FD-4EF3-B9CC-9D3E5DA0147B}.Debug|x86.ActiveCfg = Debug|iPhoneSimulator
		{4F312A9B-33FD-4EF3-B9CC-9D3E5DA0147B}.Debug|x86.Build.0 = Debug|iPhoneSimulator
		{4F312A9B-33FD-4EF3-B9CC-9D3E5DA0147B}.Debug|x86.Deploy.0 = Debug|iPhoneSimulator
		{4F312A9B-33FD-4EF3-B9CC-9D3E5DA0147B}.Release|Any CPU.ActiveCfg = Release|iPhone
		{4F312A9B-33FD-4EF3-B9CC-9D3E5DA0147B}.Release|ARM.ActiveCfg = Release|iPhone
		{4F312A9B-33FD-4EF3-B9CC-9D3E5DA0147B}.Release|ARM64.ActiveCfg = Release|iPhone
		{4F312A9B-33FD-4EF3-B9CC-9D3E5DA0147B}.Release|iPhone.ActiveCfg = Release|iPhone
		{4F312A9B-33FD-4EF3-B9CC-9D3E5DA0147B}.Release|iPhone.Build.0 = Release|iPhone
		{4F312A9B-33FD-4EF3-B9CC-9D3E5DA0147B}.Release|iPhoneSimulator.ActiveCfg = Release|iPhoneSimulator
		{4F312A9B-33FD-4EF3-B9CC-9D3E5DA0147B}.Release|iPhoneSimulator.Build.0 = Release|iPhoneSimulator
		{4F312A9B-33FD-4EF3-B9CC-9D3E5DA0147B}.Release|x64.ActiveCfg = Release|iPhoneSimulator
		{4F312A9B-33FD-4EF3-B9CC-9D3E5DA0147B}.Release|x64.Build.0 = Release|iPhoneSimulator
		{4F312A9B-33FD-4EF3-B9CC-9D3E5DA0147B}.Release|x64.Deploy.0 = Release|iPhoneSimulator
		{4F312A9B-33FD-4EF3-B9CC-9D3E5DA0147B}.Release|x86.ActiveCfg = Release|iPhoneSimulator
		{4F312A9B-33FD-4EF3-B9CC-9D3E5DA0147B}.Release|x86.Build.0 = Release|iPhoneSimulator

		{2DA88EF6-A45E-48DB-BEE7-3A2C3D9EC111}.Debug|Any CPU.ActiveCfg = Debug|x86
		{2DA88EF6-A45E-48DB-BEE7-3A2C3D9EC111}.Debug|Any CPU.Build.0 = Debug|x86
		{2DA88EF6-A45E-48DB-BEE7-3A2C3D9EC111}.Debug|Any CPU.Deploy.0 = Debug|x86
		{2DA88EF6-A45E-48DB-BEE7-3A2C3D9EC111}.Debug|ARM.ActiveCfg = Debug|ARM
		{2DA88EF6-A45E-48DB-BEE7-3A2C3D9EC111}.Debug|ARM.Build.0 = Debug|ARM
		{2DA88EF6-A45E-48DB-BEE7-3A2C3D9EC111}.Debug|ARM.Deploy.0 = Debug|ARM
		{2DA88EF6-A45E-48DB-BEE7-3A2C3D9EC111}.Debug|ARM64.ActiveCfg = Debug|ARM64
		{2DA88EF6-A45E-48DB-BEE7-3A2C3D9EC111}.Debug|ARM64.Build.0 = Debug|ARM64
		{2DA88EF6-A45E-48DB-BEE7-3A2C3D9EC111}.Debug|ARM64.Deploy.0 = Debug|ARM64
		{2DA88EF6-A45E-48DB-BEE7-3A2C3D9EC111}.Debug|iPhone.ActiveCfg = Debug|x86
		{2DA88EF6-A45E-48DB-BEE7-3A2C3D9EC111}.Debug|iPhone.Build.0 = Debug|x86
		{2DA88EF6-A45E-48DB-BEE7-3A2C3D9EC111}.Debug|iPhone.Deploy.0 = Debug|x86
		{2DA88EF6-A45E-48DB-BEE7-3A2C3D9EC111}.Debug|iPhoneSimulator.ActiveCfg = Debug|x86
		{2DA88EF6-A45E-48DB-BEE7-3A2C3D9EC111}.Debug|iPhoneSimulator.Build.0 = Debug|x86
		{2DA88EF6-A45E-48DB-BEE7-3A2C3D9EC111}.Debug|iPhoneSimulator.Deploy.0 = Debug|x86
		{2DA88EF6-A45E-48DB-BEE7-3A2C3D9EC111}.Debug|x64.ActiveCfg = Debug|x64
		{2DA88EF6-A45E-48DB-BEE7-3A2C3D9EC111}.Debug|x64.Build.0 = Debug|x64
		{2DA88EF6-A45E-48DB-BEE7-3A2C3D9EC111}.Debug|x64.Deploy.0 = Debug|x64
		{2DA88EF6-A45E-48DB-BEE7-3A2C3D9EC111}.Debug|x86.ActiveCfg = Debug|x86
		{2DA88EF6-A45E-48DB-BEE7-3A2C3D9EC111}.Debug|x86.Build.0 = Debug|x86
		{2DA88EF6-A45E-48DB-BEE7-3A2C3D9EC111}.Debug|x86.Deploy.0 = Debug|x86
		{2DA88EF6-A45E-48DB-BEE7-3A2C3D9EC111}.Release|Any CPU.ActiveCfg = Release|x86
		{2DA88EF6-A45E-48DB-BEE7-3A2C3D9EC111}.Release|ARM.ActiveCfg = Release|ARM
		{2DA88EF6-A45E-48DB-BEE7-3A2C3D9EC111}.Release|ARM.Build.0 = Release|ARM
		{2DA88EF6-A45E-48DB-BEE7-3A2C3D9EC111}.Release|ARM.Deploy.0 = Release|ARM
		{2DA88EF6-A45E-48DB-BEE7-3A2C3D9EC111}.Release|ARM64.ActiveCfg = Release|ARM64
		{2DA88EF6-A45E-48DB-BEE7-3A2C3D9EC111}.Release|ARM64.Build.0 = Release|ARM64
		{2DA88EF6-A45E-48DB-BEE7-3A2C3D9EC111}.Release|ARM64.Deploy.0 = Release|ARM64
		{2DA88EF6-A45E-48DB-BEE7-3A2C3D9EC111}.Release|iPhone.ActiveCfg = Release|x86
		{2DA88EF6-A45E-48DB-BEE7-3A2C3D9EC111}.Release|iPhone.Build.0 = Release|x86
		{2DA88EF6-A45E-48DB-BEE7-3A2C3D9EC111}.Release|iPhoneSimulator.ActiveCfg = Release|x86
		{2DA88EF6-A45E-48DB-BEE7-3A2C3D9EC111}.Release|iPhoneSimulator.Build.0 = Release|x86
		{2DA88EF6-A45E-48DB-BEE7-3A2C3D9EC111}.Release|iPhoneSimulator.Deploy.0 = Release|x86
		{2DA88EF6-A45E-48DB-BEE7-3A2C3D9EC111}.Release|x64.ActiveCfg = Release|x64
		{2DA88EF6-A45E-48DB-BEE7-3A2C3D9EC111}.Release|x64.Build.0 = Release|x64
		{2DA88EF6-A45E-48DB-BEE7-3A2C3D9EC111}.Release|x64.Deploy.0 = Release|x64
		{2DA88EF6-A45E-48DB-BEE7-3A2C3D9EC111}.Release|x86.ActiveCfg = Release|x86
		{2DA88EF6-A45E-48DB-BEE7-3A2C3D9EC111}.Release|x86.Build.0 = Release|x86
		{2DA88EF6-A45E-48DB-BEE7-3A2C3D9EC111}.Release|x86.Deploy.0 = Release|x86

		{DFD88BCD-390C-4F91-89DA-61EF832550B2}.Debug|Any CPU.ActiveCfg = Debug|Any CPU
		{DFD88BCD-390C-4F91-89DA-61EF832550B2}.Debug|Any CPU.Build.0 = Debug|Any CPU
		{DFD88BCD-390C-4F91-89DA-61EF832550B2}.Debug|Any CPU.Deploy.0 = Debug|Any CPU
		{DFD88BCD-390C-4F91-89DA-61EF832550B2}.Debug|ARM.ActiveCfg = Debug|Any CPU
		{DFD88BCD-390C-4F91-89DA-61EF832550B2}.Debug|ARM.Build.0 = Debug|Any CPU
		{DFD88BCD-390C-4F91-89DA-61EF832550B2}.Debug|ARM.Deploy.0 = Debug|Any CPU
		{DFD88BCD-390C-4F91-89DA-61EF832550B2}.Debug|ARM64.ActiveCfg = Debug|Any CPU
		{DFD88BCD-390C-4F91-89DA-61EF832550B2}.Debug|ARM64.Build.0 = Debug|Any CPU
		{DFD88BCD-390C-4F91-89DA-61EF832550B2}.Debug|ARM64.Deploy.0 = Debug|Any CPU
		{DFD88BCD-390C-4F91-89DA-61EF832550B2}.Debug|iPhone.ActiveCfg = Debug|Any CPU
		{DFD88BCD-390C-4F91-89DA-61EF832550B2}.Debug|iPhone.Build.0 = Debug|Any CPU
		{DFD88BCD-390C-4F91-89DA-61EF832550B2}.Debug|iPhone.Deploy.0 = Debug|Any CPU
		{DFD88BCD-390C-4F91-89DA-61EF832550B2}.Debug|iPhoneSimulator.ActiveCfg = Debug|Any CPU
		{DFD88BCD-390C-4F91-89DA-61EF832550B2}.Debug|iPhoneSimulator.Build.0 = Debug|Any CPU
		{DFD88BCD-390C-4F91-89DA-61EF832550B2}.Debug|iPhoneSimulator.Deploy.0 = Debug|Any CPU
		{DFD88BCD-390C-4F91-89DA-61EF832550B2}.Debug|x64.ActiveCfg = Debug|Any CPU
		{DFD88BCD-390C-4F91-89DA-61EF832550B2}.Debug|x64.Build.0 = Debug|Any CPU
		{DFD88BCD-390C-4F91-89DA-61EF832550B2}.Debug|x64.Deploy.0 = Debug|Any CPU
		{DFD88BCD-390C-4F91-89DA-61EF832550B2}.Debug|x86.ActiveCfg = Debug|Any CPU
		{DFD88BCD-390C-4F91-89DA-61EF832550B2}.Debug|x86.Build.0 = Debug|Any CPU
		{DFD88BCD-390C-4F91-89DA-61EF832550B2}.Debug|x86.Deploy.0 = Debug|Any CPU
		{DFD88BCD-390C-4F91-89DA-61EF832550B2}.Release|Any CPU.ActiveCfg = Release|Any CPU
		{DFD88BCD-390C-4F91-89DA-61EF832550B2}.Release|Any CPU.Build.0 = Release|Any CPU
		{DFD88BCD-390C-4F91-89DA-61EF832550B2}.Release|ARM.ActiveCfg = Release|Any CPU
		{DFD88BCD-390C-4F91-89DA-61EF832550B2}.Release|ARM.Build.0 = Release|Any CPU
		{DFD88BCD-390C-4F91-89DA-61EF832550B2}.Release|ARM.Deploy.0 = Release|Any CPU
		{DFD88BCD-390C-4F91-89DA-61EF832550B2}.Release|ARM64.ActiveCfg = Release|Any CPU
		{DFD88BCD-390C-4F91-89DA-61EF832550B2}.Release|ARM64.Build.0 = Release|Any CPU
		{DFD88BCD-390C-4F91-89DA-61EF832550B2}.Release|ARM64.Deploy.0 = Release|Any CPU
		{DFD88BCD-390C-4F91-89DA-61EF832550B2}.Release|iPhone.ActiveCfg = Release|Any CPU
		{DFD88BCD-390C-4F91-89DA-61EF832550B2}.Release|iPhone.Build.0 = Release|Any CPU
		{DFD88BCD-390C-4F91-89DA-61EF832550B2}.Release|iPhoneSimulator.ActiveCfg = Release|Any CPU
		{DFD88BCD-390C-4F91-89DA-61EF832550B2}.Release|iPhoneSimulator.Build.0 = Release|Any CPU
		{DFD88BCD-390C-4F91-89DA-61EF832550B2}.Release|iPhoneSimulator.Deploy.0 = Release|Any CPU
		{DFD88BCD-390C-4F91-89DA-61EF832550B2}.Release|x64.ActiveCfg = Release|Any CPU
		{DFD88BCD-390C-4F91-89DA-61EF832550B2}.Release|x64.Build.0 = Release|Any CPU
		{DFD88BCD-390C-4F91-89DA-61EF832550B2}.Release|x64.Deploy.0 = Release|Any CPU
		{DFD88BCD-390C-4F91-89DA-61EF832550B2}.Release|x86.ActiveCfg = Release|Any CPU
		{DFD88BCD-390C-4F91-89DA-61EF832550B2}.Release|x86.Build.0 = Release|Any CPU
		{DFD88BCD-390C-4F91-89DA-61EF832550B2}.Release|x86.Deploy.0 = Release|Any CPU

		{A5B8155A-118F-4794-B551-C6F3CF7E5411}.Debug|Any CPU.ActiveCfg = Debug|Any CPU
		{A5B8155A-118F-4794-B551-C6F3CF7E5411}.Debug|Any CPU.Build.0 = Debug|Any CPU
		{A5B8155A-118F-4794-B551-C6F3CF7E5411}.Debug|ARM.ActiveCfg = Debug|Any CPU
		{A5B8155A-118F-4794-B551-C6F3CF7E5411}.Debug|ARM.Build.0 = Debug|Any CPU
		{A5B8155A-118F-4794-B551-C6F3CF7E5411}.Debug|ARM64.ActiveCfg = Debug|Any CPU
		{A5B8155A-118F-4794-B551-C6F3CF7E5411}.Debug|ARM64.Build.0 = Debug|Any CPU
		{A5B8155A-118F-4794-B551-C6F3CF7E5411}.Debug|iPhone.ActiveCfg = Debug|Any CPU
		{A5B8155A-118F-4794-B551-C6F3CF7E5411}.Debug|iPhone.Build.0 = Debug|Any CPU
		{A5B8155A-118F-4794-B551-C6F3CF7E5411}.Debug|iPhoneSimulator.ActiveCfg = Debug|Any CPU
		{A5B8155A-118F-4794-B551-C6F3CF7E5411}.Debug|iPhoneSimulator.Build.0 = Debug|Any CPU
		{A5B8155A-118F-4794-B551-C6F3CF7E5411}.Debug|x64.ActiveCfg = Debug|Any CPU
		{A5B8155A-118F-4794-B551-C6F3CF7E5411}.Debug|x64.Build.0 = Debug|Any CPU
		{A5B8155A-118F-4794-B551-C6F3CF7E5411}.Debug|x86.ActiveCfg = Debug|Any CPU
		{A5B8155A-118F-4794-B551-C6F3CF7E5411}.Debug|x86.Build.0 = Debug|Any CPU
		{A5B8155A-118F-4794-B551-C6F3CF7E5411}.Release|Any CPU.ActiveCfg = Release|Any CPU
		{A5B8155A-118F-4794-B551-C6F3CF7E5411}.Release|Any CPU.Build.0 = Release|Any CPU
		{A5B8155A-118F-4794-B551-C6F3CF7E5411}.Release|ARM.ActiveCfg = Release|Any CPU
		{A5B8155A-118F-4794-B551-C6F3CF7E5411}.Release|ARM.Build.0 = Release|Any CPU
		{A5B8155A-118F-4794-B551-C6F3CF7E5411}.Release|ARM64.ActiveCfg = Release|Any CPU
		{A5B8155A-118F-4794-B551-C6F3CF7E5411}.Release|ARM64.Build.0 = Release|Any CPU
		{A5B8155A-118F-4794-B551-C6F3CF7E5411}.Release|iPhone.ActiveCfg = Release|Any CPU
		{A5B8155A-118F-4794-B551-C6F3CF7E5411}.Release|iPhone.Build.0 = Release|Any CPU
		{A5B8155A-118F-4794-B551-C6F3CF7E5411}.Release|iPhoneSimulator.ActiveCfg = Release|Any CPU
		{A5B8155A-118F-4794-B551-C6F3CF7E5411}.Release|iPhoneSimulator.Build.0 = Release|Any CPU
		{A5B8155A-118F-4794-B551-C6F3CF7E5411}.Release|x64.ActiveCfg = Release|Any CPU
		{A5B8155A-118F-4794-B551-C6F3CF7E5411}.Release|x64.Build.0 = Release|Any CPU
		{A5B8155A-118F-4794-B551-C6F3CF7E5411}.Release|x86.ActiveCfg = Release|Any CPU
		{A5B8155A-118F-4794-B551-C6F3CF7E5411}.Release|x86.Build.0 = Release|Any CPU
		{1AA13270-F438-4864-9435-54FD806E10EA}.Debug|Any CPU.ActiveCfg = Debug|x86
		{1AA13270-F438-4864-9435-54FD806E10EA}.Debug|Any CPU.Build.0 = Debug|x86
		{1AA13270-F438-4864-9435-54FD806E10EA}.Debug|Any CPU.Deploy.0 = Debug|x86
		{1AA13270-F438-4864-9435-54FD806E10EA}.Debug|ARM.ActiveCfg = Debug|Any CPU
		{1AA13270-F438-4864-9435-54FD806E10EA}.Debug|ARM.Build.0 = Debug|Any CPU
		{1AA13270-F438-4864-9435-54FD806E10EA}.Debug|ARM64.ActiveCfg = Debug|x86
		{1AA13270-F438-4864-9435-54FD806E10EA}.Debug|ARM64.Build.0 = Debug|x86
		{1AA13270-F438-4864-9435-54FD806E10EA}.Debug|iPhone.ActiveCfg = Debug|Any CPU
		{1AA13270-F438-4864-9435-54FD806E10EA}.Debug|iPhone.Build.0 = Debug|Any CPU
		{1AA13270-F438-4864-9435-54FD806E10EA}.Debug|iPhoneSimulator.ActiveCfg = Debug|Any CPU
		{1AA13270-F438-4864-9435-54FD806E10EA}.Debug|iPhoneSimulator.Build.0 = Debug|Any CPU
		{1AA13270-F438-4864-9435-54FD806E10EA}.Debug|x64.ActiveCfg = Debug|x64
		{1AA13270-F438-4864-9435-54FD806E10EA}.Debug|x64.Build.0 = Debug|x64
		{1AA13270-F438-4864-9435-54FD806E10EA}.Debug|x64.Deploy.0 = Debug|x64
		{1AA13270-F438-4864-9435-54FD806E10EA}.Debug|x86.ActiveCfg = Debug|x86
		{1AA13270-F438-4864-9435-54FD806E10EA}.Debug|x86.Build.0 = Debug|x86
		{1AA13270-F438-4864-9435-54FD806E10EA}.Debug|x86.Deploy.0 = Debug|x86
		{1AA13270-F438-4864-9435-54FD806E10EA}.Release|Any CPU.ActiveCfg = Release|Any CPU
		{1AA13270-F438-4864-9435-54FD806E10EA}.Release|Any CPU.Build.0 = Release|Any CPU
		{1AA13270-F438-4864-9435-54FD806E10EA}.Release|Any CPU.Deploy.0 = Release|Any CPU
		{1AA13270-F438-4864-9435-54FD806E10EA}.Release|ARM.ActiveCfg = Release|Any CPU
		{1AA13270-F438-4864-9435-54FD806E10EA}.Release|ARM.Build.0 = Release|Any CPU
		{1AA13270-F438-4864-9435-54FD806E10EA}.Release|ARM64.ActiveCfg = Release|x86
		{1AA13270-F438-4864-9435-54FD806E10EA}.Release|ARM64.Build.0 = Release|x86
		{1AA13270-F438-4864-9435-54FD806E10EA}.Release|iPhone.ActiveCfg = Release|Any CPU
		{1AA13270-F438-4864-9435-54FD806E10EA}.Release|iPhone.Build.0 = Release|Any CPU
		{1AA13270-F438-4864-9435-54FD806E10EA}.Release|iPhoneSimulator.ActiveCfg = Release|Any CPU
		{1AA13270-F438-4864-9435-54FD806E10EA}.Release|iPhoneSimulator.Build.0 = Release|Any CPU
		{1AA13270-F438-4864-9435-54FD806E10EA}.Release|x64.ActiveCfg = Release|x64
		{1AA13270-F438-4864-9435-54FD806E10EA}.Release|x64.Build.0 = Release|x64
		{1AA13270-F438-4864-9435-54FD806E10EA}.Release|x64.Deploy.0 = Release|x64
		{1AA13270-F438-4864-9435-54FD806E10EA}.Release|x86.ActiveCfg = Release|x86
		{1AA13270-F438-4864-9435-54FD806E10EA}.Release|x86.Build.0 = Release|x86
		{1AA13270-F438-4864-9435-54FD806E10EA}.Release|x86.Deploy.0 = Release|x86

		{40EA03F7-8A22-4143-B251-79BAC3EB13D2}.Debug|Any CPU.ActiveCfg = Debug|Any CPU
		{40EA03F7-8A22-4143-B251-79BAC3EB13D2}.Debug|Any CPU.Build.0 = Debug|Any CPU
		{40EA03F7-8A22-4143-B251-79BAC3EB13D2}.Debug|ARM.ActiveCfg = Debug|Any CPU
		{40EA03F7-8A22-4143-B251-79BAC3EB13D2}.Debug|ARM.Build.0 = Debug|Any CPU
		{40EA03F7-8A22-4143-B251-79BAC3EB13D2}.Debug|ARM64.ActiveCfg = Debug|Any CPU
		{40EA03F7-8A22-4143-B251-79BAC3EB13D2}.Debug|ARM64.Build.0 = Debug|Any CPU
		{40EA03F7-8A22-4143-B251-79BAC3EB13D2}.Debug|iPhone.ActiveCfg = Debug|Any CPU
		{40EA03F7-8A22-4143-B251-79BAC3EB13D2}.Debug|iPhone.Build.0 = Debug|Any CPU
		{40EA03F7-8A22-4143-B251-79BAC3EB13D2}.Debug|iPhoneSimulator.ActiveCfg = Debug|Any CPU
		{40EA03F7-8A22-4143-B251-79BAC3EB13D2}.Debug|iPhoneSimulator.Build.0 = Debug|Any CPU
		{40EA03F7-8A22-4143-B251-79BAC3EB13D2}.Debug|x64.ActiveCfg = Debug|Any CPU
		{40EA03F7-8A22-4143-B251-79BAC3EB13D2}.Debug|x64.Build.0 = Debug|Any CPU
		{40EA03F7-8A22-4143-B251-79BAC3EB13D2}.Debug|x86.ActiveCfg = Debug|Any CPU
		{40EA03F7-8A22-4143-B251-79BAC3EB13D2}.Debug|x86.Build.0 = Debug|Any CPU
		{40EA03F7-8A22-4143-B251-79BAC3EB13D2}.Release|Any CPU.ActiveCfg = Release|Any CPU
		{40EA03F7-8A22-4143-B251-79BAC3EB13D2}.Release|Any CPU.Build.0 = Release|Any CPU
		{40EA03F7-8A22-4143-B251-79BAC3EB13D2}.Release|ARM.ActiveCfg = Release|Any CPU
		{40EA03F7-8A22-4143-B251-79BAC3EB13D2}.Release|ARM.Build.0 = Release|Any CPU
		{40EA03F7-8A22-4143-B251-79BAC3EB13D2}.Release|ARM64.ActiveCfg = Release|Any CPU
		{40EA03F7-8A22-4143-B251-79BAC3EB13D2}.Release|ARM64.Build.0 = Release|Any CPU
		{40EA03F7-8A22-4143-B251-79BAC3EB13D2}.Release|iPhone.ActiveCfg = Release|Any CPU
		{40EA03F7-8A22-4143-B251-79BAC3EB13D2}.Release|iPhone.Build.0 = Release|Any CPU
		{40EA03F7-8A22-4143-B251-79BAC3EB13D2}.Release|iPhoneSimulator.ActiveCfg = Release|Any CPU
		{40EA03F7-8A22-4143-B251-79BAC3EB13D2}.Release|iPhoneSimulator.Build.0 = Release|Any CPU
		{40EA03F7-8A22-4143-B251-79BAC3EB13D2}.Release|x64.ActiveCfg = Release|Any CPU
		{40EA03F7-8A22-4143-B251-79BAC3EB13D2}.Release|x64.Build.0 = Release|Any CPU
		{40EA03F7-8A22-4143-B251-79BAC3EB13D2}.Release|x86.ActiveCfg = Release|Any CPU
		{40EA03F7-8A22-4143-B251-79BAC3EB13D2}.Release|x86.Build.0 = Release|Any CPU

		{14F83358-2F8A-4218-91A2-FA05039CAE3F}.Debug|Any CPU.ActiveCfg = Debug|iPhoneSimulator
		{14F83358-2F8A-4218-91A2-FA05039CAE3F}.Debug|Any CPU.Build.0 = Debug|iPhoneSimulator
		{14F83358-2F8A-4218-91A2-FA05039CAE3F}.Debug|ARM.ActiveCfg = Debug|iPhoneSimulator
		{14F83358-2F8A-4218-91A2-FA05039CAE3F}.Debug|ARM64.ActiveCfg = Debug|iPhoneSimulator
		{14F83358-2F8A-4218-91A2-FA05039CAE3F}.Debug|iPhone.ActiveCfg = Debug|iPhoneSimulator
		{14F83358-2F8A-4218-91A2-FA05039CAE3F}.Debug|iPhone.Build.0 = Debug|iPhoneSimulator
		{14F83358-2F8A-4218-91A2-FA05039CAE3F}.Debug|iPhoneSimulator.ActiveCfg = Debug|iPhoneSimulator
		{14F83358-2F8A-4218-91A2-FA05039CAE3F}.Debug|iPhoneSimulator.Build.0 = Debug|iPhoneSimulator
		{14F83358-2F8A-4218-91A2-FA05039CAE3F}.Debug|x64.ActiveCfg = Debug|iPhoneSimulator
		{14F83358-2F8A-4218-91A2-FA05039CAE3F}.Debug|x64.Build.0 = Debug|iPhoneSimulator
		{14F83358-2F8A-4218-91A2-FA05039CAE3F}.Debug|x86.ActiveCfg = Debug|iPhoneSimulator
		{14F83358-2F8A-4218-91A2-FA05039CAE3F}.Debug|x86.Build.0 = Debug|iPhoneSimulator
		{14F83358-2F8A-4218-91A2-FA05039CAE3F}.Release|Any CPU.ActiveCfg = Release|iPhoneSimulator
		{14F83358-2F8A-4218-91A2-FA05039CAE3F}.Release|ARM.ActiveCfg = Release|iPhoneSimulator
		{14F83358-2F8A-4218-91A2-FA05039CAE3F}.Release|ARM64.ActiveCfg = Release|iPhoneSimulator
		{14F83358-2F8A-4218-91A2-FA05039CAE3F}.Release|iPhone.ActiveCfg = Release|iPhoneSimulator
		{14F83358-2F8A-4218-91A2-FA05039CAE3F}.Release|iPhone.Build.0 = Release|iPhoneSimulator
		{14F83358-2F8A-4218-91A2-FA05039CAE3F}.Release|iPhoneSimulator.ActiveCfg = Release|iPhoneSimulator
		{14F83358-2F8A-4218-91A2-FA05039CAE3F}.Release|iPhoneSimulator.Build.0 = Release|iPhoneSimulator
		{14F83358-2F8A-4218-91A2-FA05039CAE3F}.Release|x64.ActiveCfg = Release|iPhoneSimulator
		{14F83358-2F8A-4218-91A2-FA05039CAE3F}.Release|x64.Build.0 = Release|iPhoneSimulator
		{14F83358-2F8A-4218-91A2-FA05039CAE3F}.Release|x86.ActiveCfg = Release|iPhoneSimulator
		{14F83358-2F8A-4218-91A2-FA05039CAE3F}.Release|x86.Build.0 = Release|iPhoneSimulator

		{04D3A50A-BD96-4168-A331-3AC5E63800DE}.Debug|Any CPU.ActiveCfg = Debug|arm64
		{04D3A50A-BD96-4168-A331-3AC5E63800DE}.Debug|Any CPU.Build.0 = Debug|arm64
		{04D3A50A-BD96-4168-A331-3AC5E63800DE}.Debug|ARM.ActiveCfg = Debug|Any CPU
		{04D3A50A-BD96-4168-A331-3AC5E63800DE}.Debug|ARM.Build.0 = Debug|Any CPU
		{04D3A50A-BD96-4168-A331-3AC5E63800DE}.Debug|ARM64.ActiveCfg = Debug|arm64
		{04D3A50A-BD96-4168-A331-3AC5E63800DE}.Debug|ARM64.Build.0 = Debug|arm64
		{04D3A50A-BD96-4168-A331-3AC5E63800DE}.Debug|iPhone.ActiveCfg = Debug|Any CPU
		{04D3A50A-BD96-4168-A331-3AC5E63800DE}.Debug|iPhone.Build.0 = Debug|Any CPU
		{04D3A50A-BD96-4168-A331-3AC5E63800DE}.Debug|iPhoneSimulator.ActiveCfg = Debug|Any CPU
		{04D3A50A-BD96-4168-A331-3AC5E63800DE}.Debug|iPhoneSimulator.Build.0 = Debug|Any CPU
		{04D3A50A-BD96-4168-A331-3AC5E63800DE}.Debug|x64.ActiveCfg = Debug|x64
		{04D3A50A-BD96-4168-A331-3AC5E63800DE}.Debug|x64.Build.0 = Debug|x64
		{04D3A50A-BD96-4168-A331-3AC5E63800DE}.Debug|x86.ActiveCfg = Debug|x86
		{04D3A50A-BD96-4168-A331-3AC5E63800DE}.Debug|x86.Build.0 = Debug|x86
		{04D3A50A-BD96-4168-A331-3AC5E63800DE}.Release|Any CPU.ActiveCfg = Release|Any CPU
		{04D3A50A-BD96-4168-A331-3AC5E63800DE}.Release|Any CPU.Build.0 = Release|Any CPU
		{04D3A50A-BD96-4168-A331-3AC5E63800DE}.Release|ARM.ActiveCfg = Release|Any CPU
		{04D3A50A-BD96-4168-A331-3AC5E63800DE}.Release|ARM.Build.0 = Release|Any CPU
		{04D3A50A-BD96-4168-A331-3AC5E63800DE}.Release|ARM64.ActiveCfg = Release|arm64
		{04D3A50A-BD96-4168-A331-3AC5E63800DE}.Release|ARM64.Build.0 = Release|arm64
		{04D3A50A-BD96-4168-A331-3AC5E63800DE}.Release|iPhone.ActiveCfg = Release|Any CPU
		{04D3A50A-BD96-4168-A331-3AC5E63800DE}.Release|iPhone.Build.0 = Release|Any CPU
		{04D3A50A-BD96-4168-A331-3AC5E63800DE}.Release|iPhoneSimulator.ActiveCfg = Release|Any CPU
		{04D3A50A-BD96-4168-A331-3AC5E63800DE}.Release|iPhoneSimulator.Build.0 = Release|Any CPU
		{04D3A50A-BD96-4168-A331-3AC5E63800DE}.Release|x64.ActiveCfg = Release|x64
		{04D3A50A-BD96-4168-A331-3AC5E63800DE}.Release|x64.Build.0 = Release|x64
		{04D3A50A-BD96-4168-A331-3AC5E63800DE}.Release|x86.ActiveCfg = Release|x86
		{04D3A50A-BD96-4168-A331-3AC5E63800DE}.Release|x86.Build.0 = Release|x86


	EndGlobalSection
	GlobalSection(SolutionProperties) = preSolution
		HideSolutionNode = FALSE
	EndGlobalSection
	GlobalSection(ExtensibilityGlobals) = postSolution
		SolutionGuid = {C7433AE2-B1A0-4C1A-887E-5CAA7AAF67A6}
	EndGlobalSection
EndGlobal
